
Microsoft Visual Studio Solution File, Format Version 12.00
# Visual Studio Version 16
VisualStudioVersion = 16.0.29911.84
MinimumVisualStudioVersion = 10.0.40219.1
Project("{FAE04EC0-301F-11D3-BF4B-00C04F79EFBC}") = "ToyCompany", "ToyCompany.csproj", "{4ED0A536-6A57-4D8B-A381-6A2105D1A59A}"
EndProject
Global
	GlobalSection(SolutionConfigurationPlatforms) = preSolution
		Debug|Any CPU = Debug|Any CPU
		Release|Any CPU = Release|Any CPU
	EndGlobalSection
	GlobalSection(ProjectConfigurationPlatforms) = postSolution
		{4ED0A536-6A57-4D8B-A381-6A2105D1A59A}.Debug|Any CPU.ActiveCfg = Debug|Any CPU
		{4ED0A536-6A57-4D8B-A381-6A2105D1A59A}.Debug|Any CPU.Build.0 = Debug|Any CPU
		{4ED0A536-6A57-4D8B-A381-6A2105D1A59A}.Release|Any CPU.ActiveCfg = Release|Any CPU
		{4ED0A536-6A57-4D8B-A381-6A2105D1A59A}.Release|Any CPU.Build.0 = Release|Any CPU
	EndGlobalSection
	GlobalSection(SolutionProperties) = preSolution
		HideSolutionNode = FALSE
	EndGlobalSection
	GlobalSection(ExtensibilityGlobals) = postSolution
		SolutionGuid = {207EEC64-6CD7-4BFA-8572-ACBE63D28684}
	EndGlobalSection
EndGlobal
